// !$*UTF8*$!
{
	archiveVersion = 1;
	classes = {
	};
	objectVersion = 56;
	objects = {

/* Begin PBXBuildFile section */
		3901BA242BC2C79900F89BBA /* TimeToSleep.swift in Sources */ = {isa = PBXBuildFile; fileRef = 3901BA232BC2C79900F89BBA /* TimeToSleep.swift */; };
		3905EE2B2B6683B500280C96 /* SleepyApp.swift in Sources */ = {isa = PBXBuildFile; fileRef = 3905EE2A2B6683B500280C96 /* SleepyApp.swift */; };
		3905EE2F2B6683B600280C96 /* Assets.xcassets in Resources */ = {isa = PBXBuildFile; fileRef = 3905EE2E2B6683B600280C96 /* Assets.xcassets */; };
		3905EE322B6683B600280C96 /* Preview Assets.xcassets in Resources */ = {isa = PBXBuildFile; fileRef = 3905EE312B6683B600280C96 /* Preview Assets.xcassets */; };
		3905EE3C2B6683B700280C96 /* SleepyTests.swift in Sources */ = {isa = PBXBuildFile; fileRef = 3905EE3B2B6683B700280C96 /* SleepyTests.swift */; };
		3905EE462B6683B700280C96 /* SleepyUITests.swift in Sources */ = {isa = PBXBuildFile; fileRef = 3905EE452B6683B700280C96 /* SleepyUITests.swift */; };
		3905EE482B6683B700280C96 /* SleepyUITestsLaunchTests.swift in Sources */ = {isa = PBXBuildFile; fileRef = 3905EE472B6683B700280C96 /* SleepyUITestsLaunchTests.swift */; };
		3907D4602B84A446007743E1 /* TimerView.swift in Sources */ = {isa = PBXBuildFile; fileRef = 3907D45F2B84A446007743E1 /* TimerView.swift */; };
		3911CFA82B8DF4B700271813 /* SongsViewAsset.swift in Sources */ = {isa = PBXBuildFile; fileRef = 3911CFA72B8DF4B700271813 /* SongsViewAsset.swift */; };
		391615372B7BB74A008118C8 /* SongViewAsset.swift in Sources */ = {isa = PBXBuildFile; fileRef = 391615362B7BB74A008118C8 /* SongViewAsset.swift */; };
		391F87C42B7A35B500AB2E2A /* InformationViewAsset.swift in Sources */ = {isa = PBXBuildFile; fileRef = 391F87C32B7A35B500AB2E2A /* InformationViewAsset.swift */; };
		391F87C62B7A35BD00AB2E2A /* ProfileView.swift in Sources */ = {isa = PBXBuildFile; fileRef = 391F87C52B7A35BD00AB2E2A /* ProfileView.swift */; };
		391F87C82B7A364D00AB2E2A /* SettingsViewAsset.swift in Sources */ = {isa = PBXBuildFile; fileRef = 391F87C72B7A364D00AB2E2A /* SettingsViewAsset.swift */; };
		39443FE22B67D422002CB184 /* LoadingView.swift in Sources */ = {isa = PBXBuildFile; fileRef = 39443FE12B67D422002CB184 /* LoadingView.swift */; };
		39443FE62B67D4BF002CB184 /* ContentView.swift in Sources */ = {isa = PBXBuildFile; fileRef = 39443FE52B67D4BF002CB184 /* ContentView.swift */; };
		395A602D2B87504000214FC9 /* alarm.mp3 in Resources */ = {isa = PBXBuildFile; fileRef = 395A602C2B87504000214FC9 /* alarm.mp3 */; };
		397718B32B7222230033ECCC /* WeekViewAsset.swift in Sources */ = {isa = PBXBuildFile; fileRef = 397718B22B7222230033ECCC /* WeekViewAsset.swift */; };
		397718BA2B7224F30033ECCC /* QualityViewAsset.swift in Sources */ = {isa = PBXBuildFile; fileRef = 397718B92B7224F30033ECCC /* QualityViewAsset.swift */; };
		397718BC2B7230490033ECCC /* GraphicViewAsset.swift in Sources */ = {isa = PBXBuildFile; fileRef = 397718BB2B7230490033ECCC /* GraphicViewAsset.swift */; };
		397718C02B725CAC0033ECCC /* DateViewAsset.swift in Sources */ = {isa = PBXBuildFile; fileRef = 397718BF2B725CAC0033ECCC /* DateViewAsset.swift */; };
		398F9A252C15D2D3008663B6 /* Sounds in Resources */ = {isa = PBXBuildFile; fileRef = 398F9A242C15D2D3008663B6 /* Sounds */; };
		398F9A262C15D2D8008663B6 /* Sounds in Resources */ = {isa = PBXBuildFile; fileRef = 398F9A242C15D2D3008663B6 /* Sounds */; };
		398F9A272C15D2D9008663B6 /* Sounds in Resources */ = {isa = PBXBuildFile; fileRef = 398F9A242C15D2D3008663B6 /* Sounds */; };
		3999EDDA2B737C4F00F52602 /* ShortViewAsset.swift in Sources */ = {isa = PBXBuildFile; fileRef = 3999EDD92B737C4F00F52602 /* ShortViewAsset.swift */; };
		39AD37F72B6E401B0035A0CF /* MainView.swift in Sources */ = {isa = PBXBuildFile; fileRef = 39AD37F62B6E401B0035A0CF /* MainView.swift */; };
		39AFD0932BEFB59400721344 /* Clock.png in Resources */ = {isa = PBXBuildFile; fileRef = 39AFD0922BEFB59400721344 /* Clock.png */; };
		39BBA5552BB02926009E4ED2 /* SQLite in Frameworks */ = {isa = PBXBuildFile; productRef = 39BBA5542BB02926009E4ED2 /* SQLite */; };
		39CD78302B77A4D300829E72 /* ArticleDetailViewAsset.swift in Sources */ = {isa = PBXBuildFile; fileRef = 39CD782F2B77A4D300829E72 /* ArticleDetailViewAsset.swift */; };
		39CEAF602B7F82BE006CC2B0 /* MainWindowView.swift in Sources */ = {isa = PBXBuildFile; fileRef = 39CEAF5F2B7F82BE006CC2B0 /* MainWindowView.swift */; };
		39CEAF622B7F82E7006CC2B0 /* ArticleView.swift in Sources */ = {isa = PBXBuildFile; fileRef = 39CEAF612B7F82E7006CC2B0 /* ArticleView.swift */; };
		39F5BA3F2C14C10A00AE4AF5 /* Sleepy1.db in Resources */ = {isa = PBXBuildFile; fileRef = 39F5BA3B2C14A72400AE4AF5 /* Sleepy1.db */; };
		39F5BA402C14C10B00AE4AF5 /* Sleepy1.db in Resources */ = {isa = PBXBuildFile; fileRef = 39F5BA3B2C14A72400AE4AF5 /* Sleepy1.db */; };
		39F5BA412C14C10B00AE4AF5 /* Sleepy1.db in Resources */ = {isa = PBXBuildFile; fileRef = 39F5BA3B2C14A72400AE4AF5 /* Sleepy1.db */; };
		39F5BA422C14C15B00AE4AF5 /* SettingsViewAsset.swift in Sources */ = {isa = PBXBuildFile; fileRef = 391F87C72B7A364D00AB2E2A /* SettingsViewAsset.swift */; };
		39F5BA432C14C15B00AE4AF5 /* SettingsViewAsset.swift in Sources */ = {isa = PBXBuildFile; fileRef = 391F87C72B7A364D00AB2E2A /* SettingsViewAsset.swift */; };
		39F94B342B6E3EBE00B4E0D7 /* JournalView.swift in Sources */ = {isa = PBXBuildFile; fileRef = 39F94B332B6E3EBE00B4E0D7 /* JournalView.swift */; };
		39FAAD6D2BFF4472001C807D /* SnoozeViewAsset.swift in Sources */ = {isa = PBXBuildFile; fileRef = 39FAAD6C2BFF4472001C807D /* SnoozeViewAsset.swift */; };
/* End PBXBuildFile section */

/* Begin PBXContainerItemProxy section */
		3905EE382B6683B700280C96 /* PBXContainerItemProxy */ = {
			isa = PBXContainerItemProxy;
			containerPortal = 3905EE1F2B6683B500280C96 /* Project object */;
			proxyType = 1;
			remoteGlobalIDString = 3905EE262B6683B500280C96;
			remoteInfo = Sleepy;
		};
		3905EE422B6683B700280C96 /* PBXContainerItemProxy */ = {
			isa = PBXContainerItemProxy;
			containerPortal = 3905EE1F2B6683B500280C96 /* Project object */;
			proxyType = 1;
			remoteGlobalIDString = 3905EE262B6683B500280C96;
			remoteInfo = Sleepy;
		};
		3911D07C2B8F69DE00271813 /* PBXContainerItemProxy */ = {
			isa = PBXContainerItemProxy;
			containerPortal = 3911D0722B8F69DE00271813 /* SQLite.xcodeproj */;
			proxyType = 2;
			remoteGlobalIDString = EE247AD31C3F04ED00AE3E12;
			remoteInfo = "SQLite iOS";
		};
		3911D07E2B8F69DE00271813 /* PBXContainerItemProxy */ = {
			isa = PBXContainerItemProxy;
			containerPortal = 3911D0722B8F69DE00271813 /* SQLite.xcodeproj */;
			proxyType = 2;
			remoteGlobalIDString = EE247ADD1C3F04ED00AE3E12;
			remoteInfo = "SQLiteTests iOS";
		};
		3911D0802B8F69DE00271813 /* PBXContainerItemProxy */ = {
			isa = PBXContainerItemProxy;
			containerPortal = 3911D0722B8F69DE00271813 /* SQLite.xcodeproj */;
			proxyType = 2;
			remoteGlobalIDString = EE247B3C1C3F3ED000AE3E12;
			remoteInfo = "SQLite Mac";
		};
		3911D0822B8F69DE00271813 /* PBXContainerItemProxy */ = {
			isa = PBXContainerItemProxy;
			containerPortal = 3911D0722B8F69DE00271813 /* SQLite.xcodeproj */;
			proxyType = 2;
			remoteGlobalIDString = EE247B451C3F3ED000AE3E12;
			remoteInfo = "SQLiteTests Mac";
		};
		3911D0842B8F69DE00271813 /* PBXContainerItemProxy */ = {
			isa = PBXContainerItemProxy;
			containerPortal = 3911D0722B8F69DE00271813 /* SQLite.xcodeproj */;
			proxyType = 2;
			remoteGlobalIDString = 03A65E5A1C6BB0F50062603F;
			remoteInfo = "SQLite tvOS";
		};
		3911D0862B8F69DE00271813 /* PBXContainerItemProxy */ = {
			isa = PBXContainerItemProxy;
			containerPortal = 3911D0722B8F69DE00271813 /* SQLite.xcodeproj */;
			proxyType = 2;
			remoteGlobalIDString = 03A65E631C6BB0F60062603F;
			remoteInfo = "SQLiteTests tvOS";
		};
		3911D0882B8F69DE00271813 /* PBXContainerItemProxy */ = {
			isa = PBXContainerItemProxy;
			containerPortal = 3911D0722B8F69DE00271813 /* SQLite.xcodeproj */;
			proxyType = 2;
			remoteGlobalIDString = A121AC451CA35C79005A31D1;
			remoteInfo = "SQLite watchOS";
		};
/* End PBXContainerItemProxy section */

/* Begin PBXFileReference section */
		3901BA232BC2C79900F89BBA /* TimeToSleep.swift */ = {isa = PBXFileReference; lastKnownFileType = sourcecode.swift; path = TimeToSleep.swift; sourceTree = "<group>"; };
		3905EE272B6683B500280C96 /* Sleepy.app */ = {isa = PBXFileReference; explicitFileType = wrapper.application; includeInIndex = 0; path = Sleepy.app; sourceTree = BUILT_PRODUCTS_DIR; };
		3905EE2A2B6683B500280C96 /* SleepyApp.swift */ = {isa = PBXFileReference; lastKnownFileType = sourcecode.swift; path = SleepyApp.swift; sourceTree = "<group>"; };
		3905EE2E2B6683B600280C96 /* Assets.xcassets */ = {isa = PBXFileReference; lastKnownFileType = folder.assetcatalog; path = Assets.xcassets; sourceTree = "<group>"; };
		3905EE312B6683B600280C96 /* Preview Assets.xcassets */ = {isa = PBXFileReference; lastKnownFileType = folder.assetcatalog; path = "Preview Assets.xcassets"; sourceTree = "<group>"; };
		3905EE372B6683B700280C96 /* SleepyTests.xctest */ = {isa = PBXFileReference; explicitFileType = wrapper.cfbundle; includeInIndex = 0; path = SleepyTests.xctest; sourceTree = BUILT_PRODUCTS_DIR; };
		3905EE3B2B6683B700280C96 /* SleepyTests.swift */ = {isa = PBXFileReference; lastKnownFileType = sourcecode.swift; path = SleepyTests.swift; sourceTree = "<group>"; };
		3905EE412B6683B700280C96 /* SleepyUITests.xctest */ = {isa = PBXFileReference; explicitFileType = wrapper.cfbundle; includeInIndex = 0; path = SleepyUITests.xctest; sourceTree = BUILT_PRODUCTS_DIR; };
		3905EE452B6683B700280C96 /* SleepyUITests.swift */ = {isa = PBXFileReference; lastKnownFileType = sourcecode.swift; path = SleepyUITests.swift; sourceTree = "<group>"; };
		3905EE472B6683B700280C96 /* SleepyUITestsLaunchTests.swift */ = {isa = PBXFileReference; lastKnownFileType = sourcecode.swift; path = SleepyUITestsLaunchTests.swift; sourceTree = "<group>"; };
		3907D45F2B84A446007743E1 /* TimerView.swift */ = {isa = PBXFileReference; lastKnownFileType = sourcecode.swift; path = TimerView.swift; sourceTree = "<group>"; };
		3911CFA72B8DF4B700271813 /* SongsViewAsset.swift */ = {isa = PBXFileReference; lastKnownFileType = sourcecode.swift; path = SongsViewAsset.swift; sourceTree = "<group>"; };
		3911CFA92B8F3C1900271813 /* Info.plist */ = {isa = PBXFileReference; lastKnownFileType = text.plist; path = Info.plist; sourceTree = "<group>"; };
		3911D0722B8F69DE00271813 /* SQLite.xcodeproj */ = {isa = PBXFileReference; lastKnownFileType = "wrapper.pb-project"; name = SQLite.xcodeproj; path = "../../Downloads/SQLite-5.swift-master/SQLite.xcodeproj"; sourceTree = "<group>"; };
		391615362B7BB74A008118C8 /* SongViewAsset.swift */ = {isa = PBXFileReference; lastKnownFileType = sourcecode.swift; path = SongViewAsset.swift; sourceTree = "<group>"; };
		391F87C32B7A35B500AB2E2A /* InformationViewAsset.swift */ = {isa = PBXFileReference; lastKnownFileType = sourcecode.swift; path = InformationViewAsset.swift; sourceTree = "<group>"; };
		391F87C52B7A35BD00AB2E2A /* ProfileView.swift */ = {isa = PBXFileReference; lastKnownFileType = sourcecode.swift; path = ProfileView.swift; sourceTree = "<group>"; };
		391F87C72B7A364D00AB2E2A /* SettingsViewAsset.swift */ = {isa = PBXFileReference; lastKnownFileType = sourcecode.swift; path = SettingsViewAsset.swift; sourceTree = "<group>"; };
		39443FE12B67D422002CB184 /* LoadingView.swift */ = {isa = PBXFileReference; lastKnownFileType = sourcecode.swift; path = LoadingView.swift; sourceTree = "<group>"; };
		39443FE52B67D4BF002CB184 /* ContentView.swift */ = {isa = PBXFileReference; lastKnownFileType = sourcecode.swift; path = ContentView.swift; sourceTree = "<group>"; };
		395A602C2B87504000214FC9 /* alarm.mp3 */ = {isa = PBXFileReference; lastKnownFileType = audio.mp3; name = alarm.mp3; path = Sounds/alarm.mp3; sourceTree = "<group>"; };
		3969EF5A2C149DCB002C4730 /* Sleepy.entitlements */ = {isa = PBXFileReference; lastKnownFileType = text.plist.entitlements; path = Sleepy.entitlements; sourceTree = "<group>"; };
		397718B22B7222230033ECCC /* WeekViewAsset.swift */ = {isa = PBXFileReference; lastKnownFileType = sourcecode.swift; path = WeekViewAsset.swift; sourceTree = "<group>"; };
		397718B92B7224F30033ECCC /* QualityViewAsset.swift */ = {isa = PBXFileReference; lastKnownFileType = sourcecode.swift; path = QualityViewAsset.swift; sourceTree = "<group>"; };
		397718BB2B7230490033ECCC /* GraphicViewAsset.swift */ = {isa = PBXFileReference; lastKnownFileType = sourcecode.swift; path = GraphicViewAsset.swift; sourceTree = "<group>"; };
		397718BF2B725CAC0033ECCC /* DateViewAsset.swift */ = {isa = PBXFileReference; lastKnownFileType = sourcecode.swift; path = DateViewAsset.swift; sourceTree = "<group>"; };
		398F9A242C15D2D3008663B6 /* Sounds */ = {isa = PBXFileReference; lastKnownFileType = folder; name = Sounds; path = "../../Library/Developer/CoreSimulator/Devices/FE880AD1-0F76-40A6-B4F9-8AE32D00488F/data/Containers/Data/Application/215D28C0-6DDC-40D6-A343-A9EE4BB92F25/Documents/Sounds"; sourceTree = "<group>"; };
		3999EDD92B737C4F00F52602 /* ShortViewAsset.swift */ = {isa = PBXFileReference; lastKnownFileType = sourcecode.swift; path = ShortViewAsset.swift; sourceTree = "<group>"; };
		39AD37F62B6E401B0035A0CF /* MainView.swift */ = {isa = PBXFileReference; lastKnownFileType = sourcecode.swift; path = MainView.swift; sourceTree = "<group>"; };
		39AFD0922BEFB59400721344 /* Clock.png */ = {isa = PBXFileReference; lastKnownFileType = image.png; path = Clock.png; sourceTree = "<group>"; };
		39CD782F2B77A4D300829E72 /* ArticleDetailViewAsset.swift */ = {isa = PBXFileReference; lastKnownFileType = sourcecode.swift; path = ArticleDetailViewAsset.swift; sourceTree = "<group>"; };
		39CEAF5F2B7F82BE006CC2B0 /* MainWindowView.swift */ = {isa = PBXFileReference; lastKnownFileType = sourcecode.swift; path = MainWindowView.swift; sourceTree = "<group>"; };
		39CEAF612B7F82E7006CC2B0 /* ArticleView.swift */ = {isa = PBXFileReference; lastKnownFileType = sourcecode.swift; path = ArticleView.swift; sourceTree = "<group>"; };
		39EC79122B8616FD00873B3B /* alarm.mp3 */ = {isa = PBXFileReference; lastKnownFileType = audio.mp3; path = alarm.mp3; sourceTree = "<group>"; };
		39F5BA3B2C14A72400AE4AF5 /* Sleepy1.db */ = {isa = PBXFileReference; lastKnownFileType = file; path = Sleepy1.db; sourceTree = "<group>"; };
		39F94B332B6E3EBE00B4E0D7 /* JournalView.swift */ = {isa = PBXFileReference; lastKnownFileType = sourcecode.swift; path = JournalView.swift; sourceTree = "<group>"; };
		39FAAD6C2BFF4472001C807D /* SnoozeViewAsset.swift */ = {isa = PBXFileReference; lastKnownFileType = sourcecode.swift; path = SnoozeViewAsset.swift; sourceTree = "<group>"; };
/* End PBXFileReference section */

/* Begin PBXFrameworksBuildPhase section */
		3905EE242B6683B500280C96 /* Frameworks */ = {
			isa = PBXFrameworksBuildPhase;
			buildActionMask = 2147483647;
			files = (
				39BBA5552BB02926009E4ED2 /* SQLite in Frameworks */,
			);
			runOnlyForDeploymentPostprocessing = 0;
		};
		3905EE342B6683B700280C96 /* Frameworks */ = {
			isa = PBXFrameworksBuildPhase;
			buildActionMask = 2147483647;
			files = (
			);
			runOnlyForDeploymentPostprocessing = 0;
		};
		3905EE3E2B6683B700280C96 /* Frameworks */ = {
			isa = PBXFrameworksBuildPhase;
			buildActionMask = 2147483647;
			files = (
			);
			runOnlyForDeploymentPostprocessing = 0;
		};
/* End PBXFrameworksBuildPhase section */

/* Begin PBXGroup section */
		3905EE1E2B6683B500280C96 = {
			isa = PBXGroup;
			children = (
				39AFD0922BEFB59400721344 /* Clock.png */,
				39F5BA3B2C14A72400AE4AF5 /* Sleepy1.db */,
				398F9A242C15D2D3008663B6 /* Sounds */,
				395A602C2B87504000214FC9 /* alarm.mp3 */,
				395A602B2B87502600214FC9 /* Sounds */,
				3905EE292B6683B500280C96 /* Sleepy */,
				3905EE442B6683B700280C96 /* SleepyUITests */,
				3905EE282B6683B500280C96 /* Products */,
				3911CFAC2B8F63E200271813 /* Frameworks */,
			);
			sourceTree = "<group>";
		};
		3905EE282B6683B500280C96 /* Products */ = {
			isa = PBXGroup;
			children = (
				3905EE272B6683B500280C96 /* Sleepy.app */,
				3905EE372B6683B700280C96 /* SleepyTests.xctest */,
				3905EE412B6683B700280C96 /* SleepyUITests.xctest */,
			);
			name = Products;
			sourceTree = "<group>";
		};
		3905EE292B6683B500280C96 /* Sleepy */ = {
			isa = PBXGroup;
			children = (
				3969EF5A2C149DCB002C4730 /* Sleepy.entitlements */,
				3911CFA92B8F3C1900271813 /* Info.plist */,
				39849EBF2BE8EDE600BD9AE3 /* LoadingView */,
				39849EC02BE8EE1F00BD9AE3 /* MainView */,
				39849EC12BE8EE2400BD9AE3 /* TimerView */,
				397718B42B7223C90033ECCC /* JournalView */,
				391330352B76744200B8184A /* ArticleView */,
				391F87C02B7A2EF400AB2E2A /* ProfileView */,
				3905EE3A2B6683B700280C96 /* SleepyTests */,
				3905EE2E2B6683B600280C96 /* Assets.xcassets */,
				3905EE302B6683B600280C96 /* Preview Content */,
			);
			path = Sleepy;
			sourceTree = "<group>";
		};
		3905EE302B6683B600280C96 /* Preview Content */ = {
			isa = PBXGroup;
			children = (
				3905EE312B6683B600280C96 /* Preview Assets.xcassets */,
			);
			path = "Preview Content";
			sourceTree = "<group>";
		};
		3905EE3A2B6683B700280C96 /* SleepyTests */ = {
			isa = PBXGroup;
			children = (
				3905EE3B2B6683B700280C96 /* SleepyTests.swift */,
			);
			path = SleepyTests;
			sourceTree = "<group>";
		};
		3905EE442B6683B700280C96 /* SleepyUITests */ = {
			isa = PBXGroup;
			children = (
				3905EE452B6683B700280C96 /* SleepyUITests.swift */,
				3905EE472B6683B700280C96 /* SleepyUITestsLaunchTests.swift */,
			);
			path = SleepyUITests;
			sourceTree = "<group>";
		};
		3911CFAC2B8F63E200271813 /* Frameworks */ = {
			isa = PBXGroup;
			children = (
				3911D0722B8F69DE00271813 /* SQLite.xcodeproj */,
			);
			name = Frameworks;
			sourceTree = "<group>";
		};
		3911D0732B8F69DE00271813 /* Products */ = {
			isa = PBXGroup;
			children = (
				3911D07D2B8F69DE00271813 /* SQLite.framework */,
				3911D07F2B8F69DE00271813 /* SQLiteTests iOS.xctest */,
				3911D0812B8F69DE00271813 /* SQLite.framework */,
				3911D0832B8F69DE00271813 /* SQLiteTests Mac.xctest */,
				3911D0852B8F69DE00271813 /* SQLite.framework */,
				3911D0872B8F69DE00271813 /* SQLiteTests tvOS.xctest */,
				3911D0892B8F69DE00271813 /* SQLite.framework */,
			);
			name = Products;
			sourceTree = "<group>";
		};
		391330352B76744200B8184A /* ArticleView */ = {
			isa = PBXGroup;
			children = (
				39CEAF612B7F82E7006CC2B0 /* ArticleView.swift */,
				39CD782F2B77A4D300829E72 /* ArticleDetailViewAsset.swift */,
			);
			path = ArticleView;
			sourceTree = "<group>";
		};
		391F87C02B7A2EF400AB2E2A /* ProfileView */ = {
			isa = PBXGroup;
			children = (
				391F87C52B7A35BD00AB2E2A /* ProfileView.swift */,
				391F87C32B7A35B500AB2E2A /* InformationViewAsset.swift */,
				391F87C72B7A364D00AB2E2A /* SettingsViewAsset.swift */,
				3901BA232BC2C79900F89BBA /* TimeToSleep.swift */,
				391615362B7BB74A008118C8 /* SongViewAsset.swift */,
				39FAAD6C2BFF4472001C807D /* SnoozeViewAsset.swift */,
			);
			path = ProfileView;
			sourceTree = "<group>";
		};
		395A602B2B87502600214FC9 /* Sounds */ = {
			isa = PBXGroup;
			children = (
				39EC79122B8616FD00873B3B /* alarm.mp3 */,
			);
			path = Sounds;
			sourceTree = "<group>";
		};
		397718B42B7223C90033ECCC /* JournalView */ = {
			isa = PBXGroup;
			children = (
				39F94B332B6E3EBE00B4E0D7 /* JournalView.swift */,
				397718BF2B725CAC0033ECCC /* DateViewAsset.swift */,
				397718B22B7222230033ECCC /* WeekViewAsset.swift */,
				397718B92B7224F30033ECCC /* QualityViewAsset.swift */,
				397718BB2B7230490033ECCC /* GraphicViewAsset.swift */,
				3999EDD92B737C4F00F52602 /* ShortViewAsset.swift */,
				3911CFA72B8DF4B700271813 /* SongsViewAsset.swift */,
			);
			path = JournalView;
			sourceTree = "<group>";
		};
		39849EBF2BE8EDE600BD9AE3 /* LoadingView */ = {
			isa = PBXGroup;
			children = (
				3905EE2A2B6683B500280C96 /* SleepyApp.swift */,
				39443FE12B67D422002CB184 /* LoadingView.swift */,
				39443FE52B67D4BF002CB184 /* ContentView.swift */,
			);
			path = LoadingView;
			sourceTree = "<group>";
		};
		39849EC02BE8EE1F00BD9AE3 /* MainView */ = {
			isa = PBXGroup;
			children = (
				39AD37F62B6E401B0035A0CF /* MainView.swift */,
				39CEAF5F2B7F82BE006CC2B0 /* MainWindowView.swift */,
			);
			path = MainView;
			sourceTree = "<group>";
		};
		39849EC12BE8EE2400BD9AE3 /* TimerView */ = {
			isa = PBXGroup;
			children = (
				3907D45F2B84A446007743E1 /* TimerView.swift */,
			);
			path = TimerView;
			sourceTree = "<group>";
		};
/* End PBXGroup section */

/* Begin PBXNativeTarget section */
		3905EE262B6683B500280C96 /* Sleepy */ = {
			isa = PBXNativeTarget;
			buildConfigurationList = 3905EE4B2B6683B700280C96 /* Build configuration list for PBXNativeTarget "Sleepy" */;
			buildPhases = (
				3905EE232B6683B500280C96 /* Sources */,
				3905EE242B6683B500280C96 /* Frameworks */,
				3905EE252B6683B500280C96 /* Resources */,
			);
			buildRules = (
			);
			dependencies = (
			);
			name = Sleepy;
			packageProductDependencies = (
				39BBA5542BB02926009E4ED2 /* SQLite */,
			);
			productName = Sleepy;
			productReference = 3905EE272B6683B500280C96 /* Sleepy.app */;
			productType = "com.apple.product-type.application";
		};
		3905EE362B6683B700280C96 /* SleepyTests */ = {
			isa = PBXNativeTarget;
			buildConfigurationList = 3905EE4E2B6683B700280C96 /* Build configuration list for PBXNativeTarget "SleepyTests" */;
			buildPhases = (
				3905EE332B6683B700280C96 /* Sources */,
				3905EE342B6683B700280C96 /* Frameworks */,
				3905EE352B6683B700280C96 /* Resources */,
			);
			buildRules = (
			);
			dependencies = (
				3905EE392B6683B700280C96 /* PBXTargetDependency */,
			);
			name = SleepyTests;
			productName = SleepyTests;
			productReference = 3905EE372B6683B700280C96 /* SleepyTests.xctest */;
			productType = "com.apple.product-type.bundle.unit-test";
		};
		3905EE402B6683B700280C96 /* SleepyUITests */ = {
			isa = PBXNativeTarget;
			buildConfigurationList = 3905EE512B6683B700280C96 /* Build configuration list for PBXNativeTarget "SleepyUITests" */;
			buildPhases = (
				3905EE3D2B6683B700280C96 /* Sources */,
				3905EE3E2B6683B700280C96 /* Frameworks */,
				3905EE3F2B6683B700280C96 /* Resources */,
			);
			buildRules = (
			);
			dependencies = (
				3905EE432B6683B700280C96 /* PBXTargetDependency */,
			);
			name = SleepyUITests;
			productName = SleepyUITests;
			productReference = 3905EE412B6683B700280C96 /* SleepyUITests.xctest */;
			productType = "com.apple.product-type.bundle.ui-testing";
		};
/* End PBXNativeTarget section */

/* Begin PBXProject section */
		3905EE1F2B6683B500280C96 /* Project object */ = {
			isa = PBXProject;
			attributes = {
				BuildIndependentTargetsInParallel = 1;
				LastSwiftUpdateCheck = 1520;
				LastUpgradeCheck = 1520;
				TargetAttributes = {
					3905EE262B6683B500280C96 = {
						CreatedOnToolsVersion = 15.2;
					};
					3905EE362B6683B700280C96 = {
						CreatedOnToolsVersion = 15.2;
						TestTargetID = 3905EE262B6683B500280C96;
					};
					3905EE402B6683B700280C96 = {
						CreatedOnToolsVersion = 15.2;
						TestTargetID = 3905EE262B6683B500280C96;
					};
				};
			};
			buildConfigurationList = 3905EE222B6683B500280C96 /* Build configuration list for PBXProject "Sleepy" */;
			compatibilityVersion = "Xcode 14.0";
			developmentRegion = en;
			hasScannedForEncodings = 0;
			knownRegions = (
				en,
				Base,
			);
			mainGroup = 3905EE1E2B6683B500280C96;
			packageReferences = (
				3911D08C2B8F71A700271813 /* XCRemoteSwiftPackageReference "SQLite.swift" */,
			);
			productRefGroup = 3905EE282B6683B500280C96 /* Products */;
			projectDirPath = "";
			projectReferences = (
				{
					ProductGroup = 3911D0732B8F69DE00271813 /* Products */;
					ProjectRef = 3911D0722B8F69DE00271813 /* SQLite.xcodeproj */;
				},
			);
			projectRoot = "";
			targets = (
				3905EE262B6683B500280C96 /* Sleepy */,
				3905EE362B6683B700280C96 /* SleepyTests */,
				3905EE402B6683B700280C96 /* SleepyUITests */,
			);
		};
/* End PBXProject section */

/* Begin PBXReferenceProxy section */
		3911D07D2B8F69DE00271813 /* SQLite.framework */ = {
			isa = PBXReferenceProxy;
			fileType = wrapper.framework;
			path = SQLite.framework;
			remoteRef = 3911D07C2B8F69DE00271813 /* PBXContainerItemProxy */;
			sourceTree = BUILT_PRODUCTS_DIR;
		};
		3911D07F2B8F69DE00271813 /* SQLiteTests iOS.xctest */ = {
			isa = PBXReferenceProxy;
			fileType = wrapper.cfbundle;
			path = "SQLiteTests iOS.xctest";
			remoteRef = 3911D07E2B8F69DE00271813 /* PBXContainerItemProxy */;
			sourceTree = BUILT_PRODUCTS_DIR;
		};
		3911D0812B8F69DE00271813 /* SQLite.framework */ = {
			isa = PBXReferenceProxy;
			fileType = wrapper.framework;
			path = SQLite.framework;
			remoteRef = 3911D0802B8F69DE00271813 /* PBXContainerItemProxy */;
			sourceTree = BUILT_PRODUCTS_DIR;
		};
		3911D0832B8F69DE00271813 /* SQLiteTests Mac.xctest */ = {
			isa = PBXReferenceProxy;
			fileType = wrapper.cfbundle;
			path = "SQLiteTests Mac.xctest";
			remoteRef = 3911D0822B8F69DE00271813 /* PBXContainerItemProxy */;
			sourceTree = BUILT_PRODUCTS_DIR;
		};
		3911D0852B8F69DE00271813 /* SQLite.framework */ = {
			isa = PBXReferenceProxy;
			fileType = wrapper.framework;
			path = SQLite.framework;
			remoteRef = 3911D0842B8F69DE00271813 /* PBXContainerItemProxy */;
			sourceTree = BUILT_PRODUCTS_DIR;
		};
		3911D0872B8F69DE00271813 /* SQLiteTests tvOS.xctest */ = {
			isa = PBXReferenceProxy;
			fileType = wrapper.cfbundle;
			path = "SQLiteTests tvOS.xctest";
			remoteRef = 3911D0862B8F69DE00271813 /* PBXContainerItemProxy */;
			sourceTree = BUILT_PRODUCTS_DIR;
		};
		3911D0892B8F69DE00271813 /* SQLite.framework */ = {
			isa = PBXReferenceProxy;
			fileType = wrapper.framework;
			path = SQLite.framework;
			remoteRef = 3911D0882B8F69DE00271813 /* PBXContainerItemProxy */;
			sourceTree = BUILT_PRODUCTS_DIR;
		};
/* End PBXReferenceProxy section */

/* Begin PBXResourcesBuildPhase section */
		3905EE252B6683B500280C96 /* Resources */ = {
			isa = PBXResourcesBuildPhase;
			buildActionMask = 2147483647;
			files = (
				398F9A252C15D2D3008663B6 /* Sounds in Resources */,
				3905EE322B6683B600280C96 /* Preview Assets.xcassets in Resources */,
				3905EE2F2B6683B600280C96 /* Assets.xcassets in Resources */,
				39AFD0932BEFB59400721344 /* Clock.png in Resources */,
				39F5BA3F2C14C10A00AE4AF5 /* Sleepy1.db in Resources */,
				395A602D2B87504000214FC9 /* alarm.mp3 in Resources */,
			);
			runOnlyForDeploymentPostprocessing = 0;
		};
		3905EE352B6683B700280C96 /* Resources */ = {
			isa = PBXResourcesBuildPhase;
			buildActionMask = 2147483647;
			files = (
				398F9A262C15D2D8008663B6 /* Sounds in Resources */,
				39F5BA402C14C10B00AE4AF5 /* Sleepy1.db in Resources */,
			);
			runOnlyForDeploymentPostprocessing = 0;
		};
		3905EE3F2B6683B700280C96 /* Resources */ = {
			isa = PBXResourcesBuildPhase;
			buildActionMask = 2147483647;
			files = (
				398F9A272C15D2D9008663B6 /* Sounds in Resources */,
				39F5BA412C14C10B00AE4AF5 /* Sleepy1.db in Resources */,
			);
			runOnlyForDeploymentPostprocessing = 0;
		};
/* End PBXResourcesBuildPhase section */

/* Begin PBXSourcesBuildPhase section */
		3905EE232B6683B500280C96 /* Sources */ = {
			isa = PBXSourcesBuildPhase;
			buildActionMask = 2147483647;
			files = (
				39F94B342B6E3EBE00B4E0D7 /* JournalView.swift in Sources */,
				391615372B7BB74A008118C8 /* SongViewAsset.swift in Sources */,
				39FAAD6D2BFF4472001C807D /* SnoozeViewAsset.swift in Sources */,
				39AD37F72B6E401B0035A0CF /* MainView.swift in Sources */,
				397718B32B7222230033ECCC /* WeekViewAsset.swift in Sources */,
				3907D4602B84A446007743E1 /* TimerView.swift in Sources */,
				3905EE2B2B6683B500280C96 /* SleepyApp.swift in Sources */,
				3999EDDA2B737C4F00F52602 /* ShortViewAsset.swift in Sources */,
				39443FE62B67D4BF002CB184 /* ContentView.swift in Sources */,
				39443FE22B67D422002CB184 /* LoadingView.swift in Sources */,
				39CD78302B77A4D300829E72 /* ArticleDetailViewAsset.swift in Sources */,
				397718BC2B7230490033ECCC /* GraphicViewAsset.swift in Sources */,
				397718BA2B7224F30033ECCC /* QualityViewAsset.swift in Sources */,
				3911CFA82B8DF4B700271813 /* SongsViewAsset.swift in Sources */,
				391F87C42B7A35B500AB2E2A /* InformationViewAsset.swift in Sources */,
				3901BA242BC2C79900F89BBA /* TimeToSleep.swift in Sources */,
				397718C02B725CAC0033ECCC /* DateViewAsset.swift in Sources */,
				391F87C62B7A35BD00AB2E2A /* ProfileView.swift in Sources */,
				391F87C82B7A364D00AB2E2A /* SettingsViewAsset.swift in Sources */,
				39CEAF602B7F82BE006CC2B0 /* MainWindowView.swift in Sources */,
				39CEAF622B7F82E7006CC2B0 /* ArticleView.swift in Sources */,
			);
			runOnlyForDeploymentPostprocessing = 0;
		};
		3905EE332B6683B700280C96 /* Sources */ = {
			isa = PBXSourcesBuildPhase;
			buildActionMask = 2147483647;
			files = (
				39F5BA422C14C15B00AE4AF5 /* SettingsViewAsset.swift in Sources */,
				3905EE3C2B6683B700280C96 /* SleepyTests.swift in Sources */,
			);
			runOnlyForDeploymentPostprocessing = 0;
		};
		3905EE3D2B6683B700280C96 /* Sources */ = {
			isa = PBXSourcesBuildPhase;
			buildActionMask = 2147483647;
			files = (
				39F5BA432C14C15B00AE4AF5 /* SettingsViewAsset.swift in Sources */,
				3905EE482B6683B700280C96 /* SleepyUITestsLaunchTests.swift in Sources */,
				3905EE462B6683B700280C96 /* SleepyUITests.swift in Sources */,
			);
			runOnlyForDeploymentPostprocessing = 0;
		};
/* End PBXSourcesBuildPhase section */

/* Begin PBXTargetDependency section */
		3905EE392B6683B700280C96 /* PBXTargetDependency */ = {
			isa = PBXTargetDependency;
			target = 3905EE262B6683B500280C96 /* Sleepy */;
			targetProxy = 3905EE382B6683B700280C96 /* PBXContainerItemProxy */;
		};
		3905EE432B6683B700280C96 /* PBXTargetDependency */ = {
			isa = PBXTargetDependency;
			target = 3905EE262B6683B500280C96 /* Sleepy */;
			targetProxy = 3905EE422B6683B700280C96 /* PBXContainerItemProxy */;
		};
/* End PBXTargetDependency section */

/* Begin XCBuildConfiguration section */
		3905EE492B6683B700280C96 /* Debug */ = {
			isa = XCBuildConfiguration;
			buildSettings = {
				ALWAYS_SEARCH_USER_PATHS = NO;
				ASSETCATALOG_COMPILER_GENERATE_SWIFT_ASSET_SYMBOL_EXTENSIONS = YES;
				CLANG_ANALYZER_NONNULL = YES;
				CLANG_ANALYZER_NUMBER_OBJECT_CONVERSION = YES_AGGRESSIVE;
				CLANG_CXX_LANGUAGE_STANDARD = "gnu++20";
				CLANG_ENABLE_MODULES = YES;
				CLANG_ENABLE_OBJC_ARC = YES;
				CLANG_ENABLE_OBJC_WEAK = YES;
				CLANG_WARN_BLOCK_CAPTURE_AUTORELEASING = YES;
				CLANG_WARN_BOOL_CONVERSION = YES;
				CLANG_WARN_COMMA = YES;
				CLANG_WARN_CONSTANT_CONVERSION = YES;
				CLANG_WARN_DEPRECATED_OBJC_IMPLEMENTATIONS = YES;
				CLANG_WARN_DIRECT_OBJC_ISA_USAGE = YES_ERROR;
				CLANG_WARN_DOCUMENTATION_COMMENTS = YES;
				CLANG_WARN_EMPTY_BODY = YES;
				CLANG_WARN_ENUM_CONVERSION = YES;
				CLANG_WARN_INFINITE_RECURSION = YES;
				CLANG_WARN_INT_CONVERSION = YES;
				CLANG_WARN_NON_LITERAL_NULL_CONVERSION = YES;
				CLANG_WARN_OBJC_IMPLICIT_RETAIN_SELF = YES;
				CLANG_WARN_OBJC_LITERAL_CONVERSION = YES;
				CLANG_WARN_OBJC_ROOT_CLASS = YES_ERROR;
				CLANG_WARN_QUOTED_INCLUDE_IN_FRAMEWORK_HEADER = YES;
				CLANG_WARN_RANGE_LOOP_ANALYSIS = YES;
				CLANG_WARN_STRICT_PROTOTYPES = YES;
				CLANG_WARN_SUSPICIOUS_MOVE = YES;
				CLANG_WARN_UNGUARDED_AVAILABILITY = YES_AGGRESSIVE;
				CLANG_WARN_UNREACHABLE_CODE = YES;
				CLANG_WARN__DUPLICATE_METHOD_MATCH = YES;
				COPY_PHASE_STRIP = NO;
				DEBUG_INFORMATION_FORMAT = dwarf;
				ENABLE_STRICT_OBJC_MSGSEND = YES;
				ENABLE_TESTABILITY = YES;
				ENABLE_USER_SCRIPT_SANDBOXING = YES;
				GCC_C_LANGUAGE_STANDARD = gnu17;
				GCC_DYNAMIC_NO_PIC = NO;
				GCC_NO_COMMON_BLOCKS = YES;
				GCC_OPTIMIZATION_LEVEL = 0;
				GCC_PREPROCESSOR_DEFINITIONS = (
					"DEBUG=1",
					"$(inherited)",
				);
				GCC_WARN_64_TO_32_BIT_CONVERSION = YES;
				GCC_WARN_ABOUT_RETURN_TYPE = YES_ERROR;
				GCC_WARN_UNDECLARED_SELECTOR = YES;
				GCC_WARN_UNINITIALIZED_AUTOS = YES_AGGRESSIVE;
				GCC_WARN_UNUSED_FUNCTION = YES;
				GCC_WARN_UNUSED_VARIABLE = YES;
				IPHONEOS_DEPLOYMENT_TARGET = 17.2;
				LOCALIZATION_PREFERS_STRING_CATALOGS = YES;
				MTL_ENABLE_DEBUG_INFO = INCLUDE_SOURCE;
				MTL_FAST_MATH = YES;
				ONLY_ACTIVE_ARCH = YES;
				SDKROOT = iphoneos;
				SWIFT_ACTIVE_COMPILATION_CONDITIONS = "DEBUG $(inherited)";
				SWIFT_OPTIMIZATION_LEVEL = "-Onone";
			};
			name = Debug;
		};
		3905EE4A2B6683B700280C96 /* Release */ = {
			isa = XCBuildConfiguration;
			buildSettings = {
				ALWAYS_SEARCH_USER_PATHS = NO;
				ASSETCATALOG_COMPILER_GENERATE_SWIFT_ASSET_SYMBOL_EXTENSIONS = YES;
				CLANG_ANALYZER_NONNULL = YES;
				CLANG_ANALYZER_NUMBER_OBJECT_CONVERSION = YES_AGGRESSIVE;
				CLANG_CXX_LANGUAGE_STANDARD = "gnu++20";
				CLANG_ENABLE_MODULES = YES;
				CLANG_ENABLE_OBJC_ARC = YES;
				CLANG_ENABLE_OBJC_WEAK = YES;
				CLANG_WARN_BLOCK_CAPTURE_AUTORELEASING = YES;
				CLANG_WARN_BOOL_CONVERSION = YES;
				CLANG_WARN_COMMA = YES;
				CLANG_WARN_CONSTANT_CONVERSION = YES;
				CLANG_WARN_DEPRECATED_OBJC_IMPLEMENTATIONS = YES;
				CLANG_WARN_DIRECT_OBJC_ISA_USAGE = YES_ERROR;
				CLANG_WARN_DOCUMENTATION_COMMENTS = YES;
				CLANG_WARN_EMPTY_BODY = YES;
				CLANG_WARN_ENUM_CONVERSION = YES;
				CLANG_WARN_INFINITE_RECURSION = YES;
				CLANG_WARN_INT_CONVERSION = YES;
				CLANG_WARN_NON_LITERAL_NULL_CONVERSION = YES;
				CLANG_WARN_OBJC_IMPLICIT_RETAIN_SELF = YES;
				CLANG_WARN_OBJC_LITERAL_CONVERSION = YES;
				CLANG_WARN_OBJC_ROOT_CLASS = YES_ERROR;
				CLANG_WARN_QUOTED_INCLUDE_IN_FRAMEWORK_HEADER = YES;
				CLANG_WARN_RANGE_LOOP_ANALYSIS = YES;
				CLANG_WARN_STRICT_PROTOTYPES = YES;
				CLANG_WARN_SUSPICIOUS_MOVE = YES;
				CLANG_WARN_UNGUARDED_AVAILABILITY = YES_AGGRESSIVE;
				CLANG_WARN_UNREACHABLE_CODE = YES;
				CLANG_WARN__DUPLICATE_METHOD_MATCH = YES;
				COPY_PHASE_STRIP = NO;
				DEBUG_INFORMATION_FORMAT = "dwarf-with-dsym";
				ENABLE_NS_ASSERTIONS = NO;
				ENABLE_STRICT_OBJC_MSGSEND = YES;
				ENABLE_USER_SCRIPT_SANDBOXING = YES;
				GCC_C_LANGUAGE_STANDARD = gnu17;
				GCC_NO_COMMON_BLOCKS = YES;
				GCC_WARN_64_TO_32_BIT_CONVERSION = YES;
				GCC_WARN_ABOUT_RETURN_TYPE = YES_ERROR;
				GCC_WARN_UNDECLARED_SELECTOR = YES;
				GCC_WARN_UNINITIALIZED_AUTOS = YES_AGGRESSIVE;
				GCC_WARN_UNUSED_FUNCTION = YES;
				GCC_WARN_UNUSED_VARIABLE = YES;
				IPHONEOS_DEPLOYMENT_TARGET = 17.2;
				LOCALIZATION_PREFERS_STRING_CATALOGS = YES;
				MTL_ENABLE_DEBUG_INFO = NO;
				MTL_FAST_MATH = YES;
				SDKROOT = iphoneos;
				SWIFT_COMPILATION_MODE = wholemodule;
				VALIDATE_PRODUCT = YES;
			};
			name = Release;
		};
		3905EE4C2B6683B700280C96 /* Debug */ = {
			isa = XCBuildConfiguration;
			buildSettings = {
				ASSETCATALOG_COMPILER_APPICON_NAME = AppIcon;
				ASSETCATALOG_COMPILER_GLOBAL_ACCENT_COLOR_NAME = AccentColor;
				CODE_SIGN_ENTITLEMENTS = Sleepy/Sleepy.entitlements;
				CODE_SIGN_STYLE = Automatic;
				CURRENT_PROJECT_VERSION = 1;
				DEVELOPMENT_ASSET_PATHS = "\"Sleepy/Preview Content\"";
				DEVELOPMENT_TEAM = RDN63HSAZ7;
				ENABLE_PREVIEWS = YES;
				GENERATE_INFOPLIST_FILE = YES;
				INFOPLIST_FILE = Sleepy/Info.plist;
				INFOPLIST_KEY_NSHealthShareUsageDescription = "Мы используем ваши данные о здоровье для отображения статистики сна.";
				INFOPLIST_KEY_NSHealthUpdateUsageDescription = "Мы обновляем ваши данные о здоровье для улучшения статистики сна.";
				INFOPLIST_KEY_NSMicrophoneUsageDescription = "Мы используем ваш микрофон для записи звуков будильника.";
				INFOPLIST_KEY_UIApplicationSceneManifest_Generation = YES;
				INFOPLIST_KEY_UIApplicationSupportsIndirectInputEvents = YES;
				INFOPLIST_KEY_UILaunchScreen_Generation = YES;
				INFOPLIST_KEY_UISupportedInterfaceOrientations_iPad = "UIInterfaceOrientationPortrait UIInterfaceOrientationPortraitUpsideDown UIInterfaceOrientationLandscapeLeft UIInterfaceOrientationLandscapeRight";
				INFOPLIST_KEY_UISupportedInterfaceOrientations_iPhone = "UIInterfaceOrientationPortrait UIInterfaceOrientationLandscapeLeft UIInterfaceOrientationLandscapeRight";
				LD_RUNPATH_SEARCH_PATHS = (
					"$(inherited)",
					"@executable_path/Frameworks",
				);
				MARKETING_VERSION = 1.0;
				PRODUCT_BUNDLE_IDENTIFIER = uteevT.Sleepy;
				PRODUCT_NAME = "$(TARGET_NAME)";
				SWIFT_EMIT_LOC_STRINGS = YES;
				SWIFT_VERSION = 5.0;
				TARGETED_DEVICE_FAMILY = "1,2";
			};
			name = Debug;
		};
		3905EE4D2B6683B700280C96 /* Release */ = {
			isa = XCBuildConfiguration;
			buildSettings = {
				ASSETCATALOG_COMPILER_APPICON_NAME = AppIcon;
				ASSETCATALOG_COMPILER_GLOBAL_ACCENT_COLOR_NAME = AccentColor;
				CODE_SIGN_ENTITLEMENTS = Sleepy/Sleepy.entitlements;
				CODE_SIGN_STYLE = Automatic;
				CURRENT_PROJECT_VERSION = 1;
				DEVELOPMENT_ASSET_PATHS = "\"Sleepy/Preview Content\"";
				DEVELOPMENT_TEAM = RDN63HSAZ7;
				ENABLE_PREVIEWS = YES;
				GENERATE_INFOPLIST_FILE = YES;
				INFOPLIST_FILE = Sleepy/Info.plist;
				INFOPLIST_KEY_NSHealthShareUsageDescription = "Мы используем ваши данные о здоровье для отображения статистики сна.";
				INFOPLIST_KEY_NSHealthUpdateUsageDescription = "Мы обновляем ваши данные о здоровье для улучшения статистики сна.";
				INFOPLIST_KEY_NSMicrophoneUsageDescription = "Мы используем ваш микрофон для записи звуков будильника.";
				INFOPLIST_KEY_UIApplicationSceneManifest_Generation = YES;
				INFOPLIST_KEY_UIApplicationSupportsIndirectInputEvents = YES;
				INFOPLIST_KEY_UILaunchScreen_Generation = YES;
				INFOPLIST_KEY_UISupportedInterfaceOrientations_iPad = "UIInterfaceOrientationPortrait UIInterfaceOrientationPortraitUpsideDown UIInterfaceOrientationLandscapeLeft UIInterfaceOrientationLandscapeRight";
				INFOPLIST_KEY_UISupportedInterfaceOrientations_iPhone = "UIInterfaceOrientationPortrait UIInterfaceOrientationLandscapeLeft UIInterfaceOrientationLandscapeRight";
				LD_RUNPATH_SEARCH_PATHS = (
					"$(inherited)",
					"@executable_path/Frameworks",
				);
				MARKETING_VERSION = 1.0;
				PRODUCT_BUNDLE_IDENTIFIER = uteevT.Sleepy;
				PRODUCT_NAME = "$(TARGET_NAME)";
				SWIFT_EMIT_LOC_STRINGS = YES;
				SWIFT_VERSION = 5.0;
				TARGETED_DEVICE_FAMILY = "1,2";
			};
			name = Release;
		};
		3905EE4F2B6683B700280C96 /* Debug */ = {
			isa = XCBuildConfiguration;
			buildSettings = {
				ALWAYS_EMBED_SWIFT_STANDARD_LIBRARIES = YES;
				BUNDLE_LOADER = "$(TEST_HOST)";
				CODE_SIGN_STYLE = Automatic;
				CURRENT_PROJECT_VERSION = 1;
				DEVELOPMENT_TEAM = W83JAAM648;
				GENERATE_INFOPLIST_FILE = YES;
				IPHONEOS_DEPLOYMENT_TARGET = 17.2;
				MARKETING_VERSION = 1.0;
				PRODUCT_BUNDLE_IDENTIFIER = uteev.SleepyTests;
				PRODUCT_NAME = "$(TARGET_NAME)";
				SWIFT_EMIT_LOC_STRINGS = NO;
				SWIFT_VERSION = 5.0;
				TARGETED_DEVICE_FAMILY = "1,2";
				TEST_HOST = "$(BUILT_PRODUCTS_DIR)/Sleepy.app/$(BUNDLE_EXECUTABLE_FOLDER_PATH)/Sleepy";
			};
			name = Debug;
		};
		3905EE502B6683B700280C96 /* Release */ = {
			isa = XCBuildConfiguration;
			buildSettings = {
				ALWAYS_EMBED_SWIFT_STANDARD_LIBRARIES = YES;
				BUNDLE_LOADER = "$(TEST_HOST)";
				CODE_SIGN_STYLE = Automatic;
				CURRENT_PROJECT_VERSION = 1;
				DEVELOPMENT_TEAM = W83JAAM648;
				GENERATE_INFOPLIST_FILE = YES;
				IPHONEOS_DEPLOYMENT_TARGET = 17.2;
				MARKETING_VERSION = 1.0;
				PRODUCT_BUNDLE_IDENTIFIER = uteev.SleepyTests;
				PRODUCT_NAME = "$(TARGET_NAME)";
				SWIFT_EMIT_LOC_STRINGS = NO;
				SWIFT_VERSION = 5.0;
				TARGETED_DEVICE_FAMILY = "1,2";
				TEST_HOST = "$(BUILT_PRODUCTS_DIR)/Sleepy.app/$(BUNDLE_EXECUTABLE_FOLDER_PATH)/Sleepy";
			};
			name = Release;
		};
		3905EE522B6683B700280C96 /* Debug */ = {
			isa = XCBuildConfiguration;
			buildSettings = {
				ALWAYS_EMBED_SWIFT_STANDARD_LIBRARIES = YES;
				CODE_SIGN_STYLE = Automatic;
				CURRENT_PROJECT_VERSION = 1;
				DEVELOPMENT_TEAM = W83JAAM648;
				GENERATE_INFOPLIST_FILE = YES;
				MARKETING_VERSION = 1.0;
				PRODUCT_BUNDLE_IDENTIFIER = uteev.SleepyUITests;
				PRODUCT_NAME = "$(TARGET_NAME)";
				SWIFT_EMIT_LOC_STRINGS = NO;
				SWIFT_VERSION = 5.0;
				TARGETED_DEVICE_FAMILY = "1,2";
				TEST_TARGET_NAME = Sleepy;
			};
			name = Debug;
		};
		3905EE532B6683B700280C96 /* Release */ = {
			isa = XCBuildConfiguration;
			buildSettings = {
				ALWAYS_EMBED_SWIFT_STANDARD_LIBRARIES = YES;
				CODE_SIGN_STYLE = Automatic;
				CURRENT_PROJECT_VERSION = 1;
				DEVELOPMENT_TEAM = W83JAAM648;
				GENERATE_INFOPLIST_FILE = YES;
				MARKETING_VERSION = 1.0;
				PRODUCT_BUNDLE_IDENTIFIER = uteev.SleepyUITests;
				PRODUCT_NAME = "$(TARGET_NAME)";
				SWIFT_EMIT_LOC_STRINGS = NO;
				SWIFT_VERSION = 5.0;
				TARGETED_DEVICE_FAMILY = "1,2";
				TEST_TARGET_NAME = Sleepy;
			};
			name = Release;
		};
/* End XCBuildConfiguration section */

/* Begin XCConfigurationList section */
		3905EE222B6683B500280C96 /* Build configuration list for PBXProject "Sleepy" */ = {
			isa = XCConfigurationList;
			buildConfigurations = (
				3905EE492B6683B700280C96 /* Debug */,
				3905EE4A2B6683B700280C96 /* Release */,
			);
			defaultConfigurationIsVisible = 0;
			defaultConfigurationName = Release;
		};
		3905EE4B2B6683B700280C96 /* Build configuration list for PBXNativeTarget "Sleepy" */ = {
			isa = XCConfigurationList;
			buildConfigurations = (
				3905EE4C2B6683B700280C96 /* Debug */,
				3905EE4D2B6683B700280C96 /* Release */,
			);
			defaultConfigurationIsVisible = 0;
			defaultConfigurationName = Release;
		};
		3905EE4E2B6683B700280C96 /* Build configuration list for PBXNativeTarget "SleepyTests" */ = {
			isa = XCConfigurationList;
			buildConfigurations = (
				3905EE4F2B6683B700280C96 /* Debug */,
				3905EE502B6683B700280C96 /* Release */,
			);
			defaultConfigurationIsVisible = 0;
			defaultConfigurationName = Release;
		};
		3905EE512B6683B700280C96 /* Build configuration list for PBXNativeTarget "SleepyUITests" */ = {
			isa = XCConfigurationList;
			buildConfigurations = (
				3905EE522B6683B700280C96 /* Debug */,
				3905EE532B6683B700280C96 /* Release */,
			);
			defaultConfigurationIsVisible = 0;
			defaultConfigurationName = Release;
		};
/* End XCConfigurationList section */

/* Begin XCRemoteSwiftPackageReference section */
		3911D08C2B8F71A700271813 /* XCRemoteSwiftPackageReference "SQLite.swift" */ = {
			isa = XCRemoteSwiftPackageReference;
			repositoryURL = "https://github.com/stephencelis/SQLite.swift.git";
			requirement = {
				kind = upToNextMajorVersion;
				minimumVersion = 0.15.0;
			};
		};
/* End XCRemoteSwiftPackageReference section */

/* Begin XCSwiftPackageProductDependency section */
		39BBA5542BB02926009E4ED2 /* SQLite */ = {
			isa = XCSwiftPackageProductDependency;
			package = 3911D08C2B8F71A700271813 /* XCRemoteSwiftPackageReference "SQLite.swift" */;
			productName = SQLite;
		};
/* End XCSwiftPackageProductDependency section */
	};
	rootObject = 3905EE1F2B6683B500280C96 /* Project object */;
}
